
Microsoft Visual Studio Solution File, Format Version 12.00
# Visual Studio Version 16
VisualStudioVersion = 16.0.30517.126
MinimumVisualStudioVersion = 10.0.40219.1
Project("{FAE04EC0-301F-11D3-BF4B-00C04F79EFBC}") = "Open-Lab-10.00", "Open-Lab-10.00\Open-Lab-10.00.csproj", "{4CCE2D52-A7D8-406B-89F9-9D8789F7DBD9}"
EndProject
Global
	GlobalSection(SolutionConfigurationPlatforms) = preSolution
		Debug|Any CPU = Debug|Any CPU
		Release|Any CPU = Release|Any CPU
	EndGlobalSection
	GlobalSection(ProjectConfigurationPlatforms) = postSolution
		{4CCE2D52-A7D8-406B-89F9-9D8789F7DBD9}.Debug|Any CPU.ActiveCfg = Debug|Any CPU
		{4CCE2D52-A7D8-406B-89F9-9D8789F7DBD9}.Debug|Any CPU.Build.0 = Debug|Any CPU
		{4CCE2D52-A7D8-406B-89F9-9D8789F7DBD9}.Release|Any CPU.ActiveCfg = Release|Any CPU
		{4CCE2D52-A7D8-406B-89F9-9D8789F7DBD9}.Release|Any CPU.Build.0 = Release|Any CPU
	EndGlobalSection
	GlobalSection(SolutionProperties) = preSolution
		HideSolutionNode = FALSE
	EndGlobalSection
	GlobalSection(ExtensibilityGlobals) = postSolution
		SolutionGuid = {B523263F-52B6-414B-A6C9-A5DB5BCF5E9D}
	EndGlobalSection
EndGlobal
